
Microsoft Visual Studio Solution File, Format Version 12.00
# Visual Studio Version 16
VisualStudioVersion = 16.0.29403.142
MinimumVisualStudioVersion = 10.0.40219.1
Project("{2150E333-8FDC-42A3-9474-1A3956D46DE8}") = "src", "src", "{14FDD52D-B83A-445B-BD2F-04B3E7B8033C}"
EndProject
Project("{2150E333-8FDC-42A3-9474-1A3956D46DE8}") = "test", "test", "{BFF7517A-C9EA-458D-829E-28A10F8D61BF}"
EndProject
Project("{9A19103F-16F7-4668-BE54-9A1E7A4F7556}") = "FluentAssertions.Web.Tests", "test\FluentAssertions.Web.Tests\FluentAssertions.Web.Tests.csproj", "{313919D0-7CE6-4118-A6A2-8963362A338F}"
EndProject
Project("{9A19103F-16F7-4668-BE54-9A1E7A4F7556}") = "FluentAssertions.Web", "src\FluentAssertions.Web\FluentAssertions.Web.csproj", "{3C892A67-86B1-491F-8BF6-6E782FE4F689}"
EndProject
Project("{2150E333-8FDC-42A3-9474-1A3956D46DE8}") = "samples", "samples", "{B6E9FBF3-AC48-48B0-9CBB-CA260F59CCD9}"
EndProject
Project("{9A19103F-16F7-4668-BE54-9A1E7A4F7556}") = "Sample.Api", "samples\Sample.Api\Sample.Api.csproj", "{67CE4BDD-2CA8-4D9A-B47F-3D51B766F633}"
EndProject
Project("{9A19103F-16F7-4668-BE54-9A1E7A4F7556}") = "Sample.Api.Tests", "samples\Sample.Api.Tests\Sample.Api.Tests.csproj", "{B114187D-49F8-4390-A183-AFC5B5978B2B}"
EndProject
Project("{2150E333-8FDC-42A3-9474-1A3956D46DE8}") = "Solution Items", "Solution Items", "{7F2E3E40-CDC2-413A-9527-802DD4973A96}"
	ProjectSection(SolutionItems) = preProject
		appveyor.yml = appveyor.yml
		readme.md = readme.md
	EndProjectSection
EndProject
Global
	GlobalSection(SolutionConfigurationPlatforms) = preSolution
		Debug|Any CPU = Debug|Any CPU
		Release|Any CPU = Release|Any CPU
	EndGlobalSection
	GlobalSection(ProjectConfigurationPlatforms) = postSolution
		{313919D0-7CE6-4118-A6A2-8963362A338F}.Debug|Any CPU.ActiveCfg = Debug|Any CPU
		{313919D0-7CE6-4118-A6A2-8963362A338F}.Debug|Any CPU.Build.0 = Debug|Any CPU
		{313919D0-7CE6-4118-A6A2-8963362A338F}.Release|Any CPU.ActiveCfg = Release|Any CPU
		{313919D0-7CE6-4118-A6A2-8963362A338F}.Release|Any CPU.Build.0 = Release|Any CPU
		{3C892A67-86B1-491F-8BF6-6E782FE4F689}.Debug|Any CPU.ActiveCfg = Debug|Any CPU
		{3C892A67-86B1-491F-8BF6-6E782FE4F689}.Debug|Any CPU.Build.0 = Debug|Any CPU
		{3C892A67-86B1-491F-8BF6-6E782FE4F689}.Release|Any CPU.ActiveCfg = Release|Any CPU
		{3C892A67-86B1-491F-8BF6-6E782FE4F689}.Release|Any CPU.Build.0 = Release|Any CPU
		{67CE4BDD-2CA8-4D9A-B47F-3D51B766F633}.Debug|Any CPU.ActiveCfg = Debug|Any CPU
		{67CE4BDD-2CA8-4D9A-B47F-3D51B766F633}.Debug|Any CPU.Build.0 = Debug|Any CPU
		{67CE4BDD-2CA8-4D9A-B47F-3D51B766F633}.Release|Any CPU.ActiveCfg = Release|Any CPU
		{67CE4BDD-2CA8-4D9A-B47F-3D51B766F633}.Release|Any CPU.Build.0 = Release|Any CPU
		{B114187D-49F8-4390-A183-AFC5B5978B2B}.Debug|Any CPU.ActiveCfg = Debug|Any CPU
		{B114187D-49F8-4390-A183-AFC5B5978B2B}.Debug|Any CPU.Build.0 = Debug|Any CPU
		{B114187D-49F8-4390-A183-AFC5B5978B2B}.Release|Any CPU.ActiveCfg = Release|Any CPU
		{B114187D-49F8-4390-A183-AFC5B5978B2B}.Release|Any CPU.Build.0 = Release|Any CPU
	EndGlobalSection
	GlobalSection(SolutionProperties) = preSolution
		HideSolutionNode = FALSE
	EndGlobalSection
	GlobalSection(NestedProjects) = preSolution
		{313919D0-7CE6-4118-A6A2-8963362A338F} = {BFF7517A-C9EA-458D-829E-28A10F8D61BF}
		{3C892A67-86B1-491F-8BF6-6E782FE4F689} = {14FDD52D-B83A-445B-BD2F-04B3E7B8033C}
		{67CE4BDD-2CA8-4D9A-B47F-3D51B766F633} = {B6E9FBF3-AC48-48B0-9CBB-CA260F59CCD9}
		{B114187D-49F8-4390-A183-AFC5B5978B2B} = {B6E9FBF3-AC48-48B0-9CBB-CA260F59CCD9}
	EndGlobalSection
	GlobalSection(ExtensibilityGlobals) = postSolution
		SolutionGuid = {81F41C75-2F8A-4E70-BA17-38146C4BB6E6}
	EndGlobalSection
EndGlobal
